
Microsoft Visual Studio Solution File, Format Version 12.00
# Visual Studio Version 17
VisualStudioVersion = 17.10.35027.167
MinimumVisualStudioVersion = 10.0.40219.1
Project("{FAE04EC0-301F-11D3-BF4B-00C04F79EFBC}") = "PatikaHesaplama", "PatikaHesaplama\PatikaHesaplama.csproj", "{B7FFBF8B-1EEF-4FDE-8DF2-C925DFB980DF}"
EndProject
Global
	GlobalSection(SolutionConfigurationPlatforms) = preSolution
		Debug|Any CPU = Debug|Any CPU
		Release|Any CPU = Release|Any CPU
	EndGlobalSection
	GlobalSection(ProjectConfigurationPlatforms) = postSolution
		{B7FFBF8B-1EEF-4FDE-8DF2-C925DFB980DF}.Debug|Any CPU.ActiveCfg = Debug|Any CPU
		{B7FFBF8B-1EEF-4FDE-8DF2-C925DFB980DF}.Debug|Any CPU.Build.0 = Debug|Any CPU
		{B7FFBF8B-1EEF-4FDE-8DF2-C925DFB980DF}.Release|Any CPU.ActiveCfg = Release|Any CPU
		{B7FFBF8B-1EEF-4FDE-8DF2-C925DFB980DF}.Release|Any CPU.Build.0 = Release|Any CPU
	EndGlobalSection
	GlobalSection(SolutionProperties) = preSolution
		HideSolutionNode = FALSE
	EndGlobalSection
	GlobalSection(ExtensibilityGlobals) = postSolution
		SolutionGuid = {9E6CE2D1-C147-4906-B6C5-93D63464C1E6}
	EndGlobalSection
EndGlobal
